
Microsoft Visual Studio Solution File, Format Version 12.00
# Visual Studio Version 16
VisualStudioVersion = 16.0.30011.22
MinimumVisualStudioVersion = 10.0.40219.1
Project("{FAE04EC0-301F-11D3-BF4B-00C04F79EFBC}") = "Consumer", "Consumer\Consumer.csproj", "{EC91F9F2-B2B3-456A-B20A-18681592B47E}"
EndProject
Project("{FAE04EC0-301F-11D3-BF4B-00C04F79EFBC}") = "Producer", "Producer\Producer.csproj", "{5BFC08B1-7FEC-431D-9927-0B9C839A4FFE}"
EndProject
Global
	GlobalSection(SolutionConfigurationPlatforms) = preSolution
		Debug|Any CPU = Debug|Any CPU
		Release|Any CPU = Release|Any CPU
	EndGlobalSection
	GlobalSection(ProjectConfigurationPlatforms) = postSolution
		{EC91F9F2-B2B3-456A-B20A-18681592B47E}.Debug|Any CPU.ActiveCfg = Debug|Any CPU
		{EC91F9F2-B2B3-456A-B20A-18681592B47E}.Debug|Any CPU.Build.0 = Debug|Any CPU
		{EC91F9F2-B2B3-456A-B20A-18681592B47E}.Release|Any CPU.ActiveCfg = Release|Any CPU
		{EC91F9F2-B2B3-456A-B20A-18681592B47E}.Release|Any CPU.Build.0 = Release|Any CPU
		{5BFC08B1-7FEC-431D-9927-0B9C839A4FFE}.Debug|Any CPU.ActiveCfg = Debug|Any CPU
		{5BFC08B1-7FEC-431D-9927-0B9C839A4FFE}.Debug|Any CPU.Build.0 = Debug|Any CPU
		{5BFC08B1-7FEC-431D-9927-0B9C839A4FFE}.Release|Any CPU.ActiveCfg = Release|Any CPU
		{5BFC08B1-7FEC-431D-9927-0B9C839A4FFE}.Release|Any CPU.Build.0 = Release|Any CPU
	EndGlobalSection
	GlobalSection(SolutionProperties) = preSolution
		HideSolutionNode = FALSE
	EndGlobalSection
	GlobalSection(ExtensibilityGlobals) = postSolution
		SolutionGuid = {2A3A7157-8556-4A9D-A70B-BBD04F49ADDB}
	EndGlobalSection
EndGlobal
